# This file is generated by running "yarn install" inside your project.
# Manual changes might be lost - proceed with caution!

__metadata:
  version: 4
  cacheKey: 7

"radixdlt-javascript@workspace:.":
  version: 0.0.0-use.local
  resolution: "radixdlt-javascript@workspace:."
  dependencies:
    typescript: ^4.1.2
  languageName: unknown
  linkType: soft

typescript@^4.1.2:
  version: 4.1.2
  resolution: "typescript@npm:4.1.2"
  bin:
    tsc: bin/tsc
    tsserver: bin/tsserver
  checksum: d2ac373b469e973448c7287d0fbc732dbd34d00d07911b9506bbf81469a80db6613361fc9293d021da357cb7c7da2ee32f56d8ef76446361231374200cd6aee9
  languageName: node
  linkType: hard

"typescript@patch:typescript@^4.1.2#builtin<compat/typescript>":
  version: 4.1.2
  resolution: "typescript@patch:typescript@npm%3A4.1.2#builtin<compat/typescript>::version=4.1.2&hash=cc6730"
  bin:
    tsc: bin/tsc
    tsserver: bin/tsserver
  checksum: 001ab09bb8f597aab1ec43476aedb91b5d547749219273c232bf34cf5a2209d18fa782e64475755115f0907598bb9b503f5e1c0fed06c3651cac584fc88a8172
  languageName: node
  linkType: hard
